
Microsoft Visual Studio Solution File, Format Version 12.00
# Visual Studio 15
VisualStudioVersion = 15.0.28307.168
MinimumVisualStudioVersion = 10.0.40219.1
Project("{FAE04EC0-301F-11D3-BF4B-00C04F79EFBC}") = "TextSpeech.Android", "TextSpeech\TextSpeech.Android\TextSpeech.Android.csproj", "{DF8A23BA-EDF6-4010-A9CA-26B0919B8C92}"
EndProject
Project("{FAE04EC0-301F-11D3-BF4B-00C04F79EFBC}") = "TextSpeech", "TextSpeech\TextSpeech\TextSpeech.csproj", "{B1AFC372-F17A-45FC-B553-562324590E3C}"
EndProject
Global
	GlobalSection(SolutionConfigurationPlatforms) = preSolution
		Debug|Any CPU = Debug|Any CPU
		Release|Any CPU = Release|Any CPU
	EndGlobalSection
	GlobalSection(ProjectConfigurationPlatforms) = postSolution
		{DF8A23BA-EDF6-4010-A9CA-26B0919B8C92}.Debug|Any CPU.ActiveCfg = Debug|Any CPU
		{DF8A23BA-EDF6-4010-A9CA-26B0919B8C92}.Debug|Any CPU.Build.0 = Debug|Any CPU
		{DF8A23BA-EDF6-4010-A9CA-26B0919B8C92}.Debug|Any CPU.Deploy.0 = Debug|Any CPU
		{DF8A23BA-EDF6-4010-A9CA-26B0919B8C92}.Release|Any CPU.ActiveCfg = Release|Any CPU
		{DF8A23BA-EDF6-4010-A9CA-26B0919B8C92}.Release|Any CPU.Build.0 = Release|Any CPU
		{DF8A23BA-EDF6-4010-A9CA-26B0919B8C92}.Release|Any CPU.Deploy.0 = Release|Any CPU
		{B1AFC372-F17A-45FC-B553-562324590E3C}.Debug|Any CPU.ActiveCfg = Debug|Any CPU
		{B1AFC372-F17A-45FC-B553-562324590E3C}.Debug|Any CPU.Build.0 = Debug|Any CPU
		{B1AFC372-F17A-45FC-B553-562324590E3C}.Release|Any CPU.ActiveCfg = Release|Any CPU
		{B1AFC372-F17A-45FC-B553-562324590E3C}.Release|Any CPU.Build.0 = Release|Any CPU
	EndGlobalSection
	GlobalSection(SolutionProperties) = preSolution
		HideSolutionNode = FALSE
	EndGlobalSection
	GlobalSection(ExtensibilityGlobals) = postSolution
		SolutionGuid = {F788387F-A2F7-43C3-A312-3E09C300A921}
	EndGlobalSection
EndGlobal
